// !$*UTF8*$!
{
	archiveVersion = 1;
	classes = {
	};
	objectVersion = 46;
	objects = {

/* Begin PBXBuildFile section */
		B128706E1EDF42F8001A4F08 /* AppDelegate.swift in Sources */ = {isa = PBXBuildFile; fileRef = B128706D1EDF42F8001A4F08 /* AppDelegate.swift */; };
		B12870701EDF42F8001A4F08 /* ViewController.swift in Sources */ = {isa = PBXBuildFile; fileRef = B128706F1EDF42F8001A4F08 /* ViewController.swift */; };
		B12870731EDF42F8001A4F08 /* Main.storyboard in Resources */ = {isa = PBXBuildFile; fileRef = B12870711EDF42F8001A4F08 /* Main.storyboard */; };
		B12870761EDF42F8001A4F08 /* MassEffect___Art.xcdatamodeld in Sources */ = {isa = PBXBuildFile; fileRef = B12870741EDF42F8001A4F08 /* MassEffect___Art.xcdatamodeld */; };
		B12870781EDF42F8001A4F08 /* Assets.xcassets in Resources */ = {isa = PBXBuildFile; fileRef = B12870771EDF42F8001A4F08 /* Assets.xcassets */; };
		B128707B1EDF42F8001A4F08 /* LaunchScreen.storyboard in Resources */ = {isa = PBXBuildFile; fileRef = B12870791EDF42F8001A4F08 /* LaunchScreen.storyboard */; };
/* End PBXBuildFile section */

/* Begin PBXFileReference section */
		B128706A1EDF42F8001A4F08 /* MassEffect - Art.app */ = {isa = PBXFileReference; explicitFileType = wrapper.application; includeInIndex = 0; path = "MassEffect - Art.app"; sourceTree = BUILT_PRODUCTS_DIR; };
		B128706D1EDF42F8001A4F08 /* AppDelegate.swift */ = {isa = PBXFileReference; lastKnownFileType = sourcecode.swift; path = AppDelegate.swift; sourceTree = "<group>"; };
		B128706F1EDF42F8001A4F08 /* ViewController.swift */ = {isa = PBXFileReference; lastKnownFileType = sourcecode.swift; path = ViewController.swift; sourceTree = "<group>"; };
		B12870721EDF42F8001A4F08 /* Base */ = {isa = PBXFileReference; lastKnownFileType = file.storyboard; name = Base; path = Base.lproj/Main.storyboard; sourceTree = "<group>"; };
		B12870751EDF42F8001A4F08 /* MassEffect___Art.xcdatamodel */ = {isa = PBXFileReference; lastKnownFileType = wrapper.xcdatamodel; path = "MassEffect___Art.xcdatamodel"; sourceTree = "<group>"; };
		B12870771EDF42F8001A4F08 /* Assets.xcassets */ = {isa = PBXFileReference; lastKnownFileType = folder.assetcatalog; path = Assets.xcassets; sourceTree = "<group>"; };
		B128707A1EDF42F8001A4F08 /* Base */ = {isa = PBXFileReference; lastKnownFileType = file.storyboard; name = Base; path = Base.lproj/LaunchScreen.storyboard; sourceTree = "<group>"; };
		B128707C1EDF42F8001A4F08 /* Info.plist */ = {isa = PBXFileReference; lastKnownFileType = text.plist.xml; path = Info.plist; sourceTree = "<group>"; };
/* End PBXFileReference section */

/* Begin PBXFrameworksBuildPhase section */
		B12870671EDF42F8001A4F08 /* Frameworks */ = {
			isa = PBXFrameworksBuildPhase;
			buildActionMask = 2147483647;
			files = (
			);
			runOnlyForDeploymentPostprocessing = 0;
		};
/* End PBXFrameworksBuildPhase section */

/* Begin PBXGroup section */
		B12870611EDF42F8001A4F08 = {
			isa = PBXGroup;
			children = (
				B128706C1EDF42F8001A4F08 /* MassEffect - Art */,
				B128706B1EDF42F8001A4F08 /* Products */,
			);
			sourceTree = "<group>";
		};
		B128706B1EDF42F8001A4F08 /* Products */ = {
			isa = PBXGroup;
			children = (
				B128706A1EDF42F8001A4F08 /* MassEffect - Art.app */,
			);
			name = Products;
			sourceTree = "<group>";
		};
		B128706C1EDF42F8001A4F08 /* MassEffect - Art */ = {
			isa = PBXGroup;
			children = (
				B128706D1EDF42F8001A4F08 /* AppDelegate.swift */,
				B128706F1EDF42F8001A4F08 /* ViewController.swift */,
				B12870711EDF42F8001A4F08 /* Main.storyboard */,
				B12870771EDF42F8001A4F08 /* Assets.xcassets */,
				B12870791EDF42F8001A4F08 /* LaunchScreen.storyboard */,
				B128707C1EDF42F8001A4F08 /* Info.plist */,
				B12870741EDF42F8001A4F08 /* MassEffect___Art.xcdatamodeld */,
			);
			path = "MassEffect - Art";
			sourceTree = "<group>";
		};
/* End PBXGroup section */

/* Begin PBXNativeTarget section */
		B12870691EDF42F8001A4F08 /* MassEffect - Art */ = {
			isa = PBXNativeTarget;
			buildConfigurationList = B128707F1EDF42F8001A4F08 /* Build configuration list for PBXNativeTarget "MassEffect - Art" */;
			buildPhases = (
				B12870661EDF42F8001A4F08 /* Sources */,
				B12870671EDF42F8001A4F08 /* Frameworks */,
				B12870681EDF42F8001A4F08 /* Resources */,
			);
			buildRules = (
			);
			dependencies = (
			);
			name = "MassEffect - Art";
			productName = "MassEffect - Art";
			productReference = B128706A1EDF42F8001A4F08 /* MassEffect - Art.app */;
			productType = "com.apple.product-type.application";
		};
/* End PBXNativeTarget section */

/* Begin PBXProject section */
		B12870621EDF42F8001A4F08 /* Project object */ = {
			isa = PBXProject;
			attributes = {
				LastSwiftUpdateCheck = 0830;
				LastUpgradeCheck = 0830;
				ORGANIZATIONNAME = "MK WEBCRAFT";
				TargetAttributes = {
					B12870691EDF42F8001A4F08 = {
						CreatedOnToolsVersion = 8.3.2;
						DevelopmentTeam = YV33N7YELY;
						ProvisioningStyle = Automatic;
					};
				};
			};
			buildConfigurationList = B12870651EDF42F8001A4F08 /* Build configuration list for PBXProject "MassEffect - Art" */;
			compatibilityVersion = "Xcode 3.2";
			developmentRegion = English;
			hasScannedForEncodings = 0;
			knownRegions = (
				en,
				Base,
			);
			mainGroup = B12870611EDF42F8001A4F08;
			productRefGroup = B128706B1EDF42F8001A4F08 /* Products */;
			projectDirPath = "";
			projectRoot = "";
			targets = (
				B12870691EDF42F8001A4F08 /* MassEffect - Art */,
			);
		};
/* End PBXProject section */

/* Begin PBXResourcesBuildPhase section */
		B12870681EDF42F8001A4F08 /* Resources */ = {
			isa = PBXResourcesBuildPhase;
			buildActionMask = 2147483647;
			files = (
				B128707B1EDF42F8001A4F08 /* LaunchScreen.storyboard in Resources */,
				B12870781EDF42F8001A4F08 /* Assets.xcassets in Resources */,
				B12870731EDF42F8001A4F08 /* Main.storyboard in Resources */,
			);
			runOnlyForDeploymentPostprocessing = 0;
		};
/* End PBXResourcesBuildPhase section */

/* Begin PBXSourcesBuildPhase section */
		B12870661EDF42F8001A4F08 /* Sources */ = {
			isa = PBXSourcesBuildPhase;
			buildActionMask = 2147483647;
			files = (
				B12870701EDF42F8001A4F08 /* ViewController.swift in Sources */,
				B128706E1EDF42F8001A4F08 /* AppDelegate.swift in Sources */,
				B12870761EDF42F8001A4F08 /* MassEffect___Art.xcdatamodeld in Sources */,
			);
			runOnlyForDeploymentPostprocessing = 0;
		};
/* End PBXSourcesBuildPhase section */

/* Begin PBXVariantGroup section */
		B12870711EDF42F8001A4F08 /* Main.storyboard */ = {
			isa = PBXVariantGroup;
			children = (
				B12870721EDF42F8001A4F08 /* Base */,
			);
			name = Main.storyboard;
			sourceTree = "<group>";
		};
		B12870791EDF42F8001A4F08 /* LaunchScreen.storyboard */ = {
			isa = PBXVariantGroup;
			children = (
				B128707A1EDF42F8001A4F08 /* Base */,
			);
			name = LaunchScreen.storyboard;
			sourceTree = "<group>";
		};
/* End PBXVariantGroup section */

/* Begin XCBuildConfiguration section */
		B128707D1EDF42F8001A4F08 /* Debug */ = {
			isa = XCBuildConfiguration;
			buildSettings = {
				ALWAYS_SEARCH_USER_PATHS = NO;
				CLANG_ANALYZER_NONNULL = YES;
				CLANG_ANALYZER_NUMBER_OBJECT_CONVERSION = YES_AGGRESSIVE;
				CLANG_CXX_LANGUAGE_STANDARD = "gnu++0x";
				CLANG_CXX_LIBRARY = "libc++";
				CLANG_ENABLE_MODULES = YES;
				CLANG_ENABLE_OBJC_ARC = YES;
				CLANG_WARN_BOOL_CONVERSION = YES;
				CLANG_WARN_CONSTANT_CONVERSION = YES;
				CLANG_WARN_DIRECT_OBJC_ISA_USAGE = YES_ERROR;
				CLANG_WARN_DOCUMENTATION_COMMENTS = YES;
				CLANG_WARN_EMPTY_BODY = YES;
				CLANG_WARN_ENUM_CONVERSION = YES;
				CLANG_WARN_INFINITE_RECURSION = YES;
				CLANG_WARN_INT_CONVERSION = YES;
				CLANG_WARN_OBJC_ROOT_CLASS = YES_ERROR;
				CLANG_WARN_SUSPICIOUS_MOVE = YES;
				CLANG_WARN_UNREACHABLE_CODE = YES;
				CLANG_WARN__DUPLICATE_METHOD_MATCH = YES;
				"CODE_SIGN_IDENTITY[sdk=iphoneos*]" = "iPhone Developer";
				COPY_PHASE_STRIP = NO;
				DEBUG_INFORMATION_FORMAT = dwarf;
				ENABLE_STRICT_OBJC_MSGSEND = YES;
				ENABLE_TESTABILITY = YES;
				GCC_C_LANGUAGE_STANDARD = gnu99;
				GCC_DYNAMIC_NO_PIC = NO;
				GCC_NO_COMMON_BLOCKS = YES;
				GCC_OPTIMIZATION_LEVEL = 0;
				GCC_PREPROCESSOR_DEFINITIONS = (
					"DEBUG=1",
					"$(inherited)",
				);
				GCC_WARN_64_TO_32_BIT_CONVERSION = YES;
				GCC_WARN_ABOUT_RETURN_TYPE = YES_ERROR;
				GCC_WARN_UNDECLARED_SELECTOR = YES;
				GCC_WARN_UNINITIALIZED_AUTOS = YES_AGGRESSIVE;
				GCC_WARN_UNUSED_FUNCTION = YES;
				GCC_WARN_UNUSED_VARIABLE = YES;
				IPHONEOS_DEPLOYMENT_TARGET = 10.3;
				MTL_ENABLE_DEBUG_INFO = YES;
				ONLY_ACTIVE_ARCH = YES;
				SDKROOT = iphoneos;
				SWIFT_ACTIVE_COMPILATION_CONDITIONS = DEBUG;
				SWIFT_OPTIMIZATION_LEVEL = "-Onone";
				TARGETED_DEVICE_FAMILY = "1,2";
			};
			name = Debug;
		};
		B128707E1EDF42F8001A4F08 /* Release */ = {
			isa = XCBuildConfiguration;
			buildSettings = {
				ALWAYS_SEARCH_USER_PATHS = NO;
				CLANG_ANALYZER_NONNULL = YES;
				CLANG_ANALYZER_NUMBER_OBJECT_CONVERSION = YES_AGGRESSIVE;
				CLANG_CXX_LANGUAGE_STANDARD = "gnu++0x";
				CLANG_CXX_LIBRARY = "libc++";
				CLANG_ENABLE_MODULES = YES;
				CLANG_ENABLE_OBJC_ARC = YES;
				CLANG_WARN_BOOL_CONVERSION = YES;
				CLANG_WARN_CONSTANT_CONVERSION = YES;
				CLANG_WARN_DIRECT_OBJC_ISA_USAGE = YES_ERROR;
				CLANG_WARN_DOCUMENTATION_COMMENTS = YES;
				CLANG_WARN_EMPTY_BODY = YES;
				CLANG_WARN_ENUM_CONVERSION = YES;
				CLANG_WARN_INFINITE_RECURSION = YES;
				CLANG_WARN_INT_CONVERSION = YES;
				CLANG_WARN_OBJC_ROOT_CLASS = YES_ERROR;
				CLANG_WARN_SUSPICIOUS_MOVE = YES;
				CLANG_WARN_UNREACHABLE_CODE = YES;
				CLANG_WARN__DUPLICATE_METHOD_MATCH = YES;
				"CODE_SIGN_IDENTITY[sdk=iphoneos*]" = "iPhone Developer";
				COPY_PHASE_STRIP = NO;
				DEBUG_INFORMATION_FORMAT = "dwarf-with-dsym";
				ENABLE_NS_ASSERTIONS = NO;
				ENABLE_STRICT_OBJC_MSGSEND = YES;
				GCC_C_LANGUAGE_STANDARD = gnu99;
				GCC_NO_COMMON_BLOCKS = YES;
				GCC_WARN_64_TO_32_BIT_CONVERSION = YES;
				GCC_WARN_ABOUT_RETURN_TYPE = YES_ERROR;
				GCC_WARN_UNDECLARED_SELECTOR = YES;
				GCC_WARN_UNINITIALIZED_AUTOS = YES_AGGRESSIVE;
				GCC_WARN_UNUSED_FUNCTION = YES;
				GCC_WARN_UNUSED_VARIABLE = YES;
				IPHONEOS_DEPLOYMENT_TARGET = 10.3;
				MTL_ENABLE_DEBUG_INFO = NO;
				SDKROOT = iphoneos;
				SWIFT_OPTIMIZATION_LEVEL = "-Owholemodule";
				TARGETED_DEVICE_FAMILY = "1,2";
				VALIDATE_PRODUCT = YES;
			};
			name = Release;
		};
		B12870801EDF42F8001A4F08 /* Debug */ = {
			isa = XCBuildConfiguration;
			buildSettings = {
				ASSETCATALOG_COMPILER_APPICON_NAME = AppIcon;
				DEVELOPMENT_TEAM = YV33N7YELY;
				INFOPLIST_FILE = "MassEffect - Art/Info.plist";
				LD_RUNPATH_SEARCH_PATHS = "$(inherited) @executable_path/Frameworks";
				PRODUCT_BUNDLE_IDENTIFIER = "mkwebcraft.MassEffect---Art";
				PRODUCT_NAME = "$(TARGET_NAME)";
				SWIFT_VERSION = 3.0;
			};
			name = Debug;
		};
		B12870811EDF42F8001A4F08 /* Release */ = {
			isa = XCBuildConfiguration;
			buildSettings = {
				ASSETCATALOG_COMPILER_APPICON_NAME = AppIcon;
				DEVELOPMENT_TEAM = YV33N7YELY;
				INFOPLIST_FILE = "MassEffect - Art/Info.plist";
				LD_RUNPATH_SEARCH_PATHS = "$(inherited) @executable_path/Frameworks";
				PRODUCT_BUNDLE_IDENTIFIER = "mkwebcraft.MassEffect---Art";
				PRODUCT_NAME = "$(TARGET_NAME)";
				SWIFT_VERSION = 3.0;
			};
			name = Release;
		};
/* End XCBuildConfiguration section */

/* Begin XCConfigurationList section */
		B12870651EDF42F8001A4F08 /* Build configuration list for PBXProject "MassEffect - Art" */ = {
			isa = XCConfigurationList;
			buildConfigurations = (
				B128707D1EDF42F8001A4F08 /* Debug */,
				B128707E1EDF42F8001A4F08 /* Release */,
			);
			defaultConfigurationIsVisible = 0;
			defaultConfigurationName = Release;
		};
		B128707F1EDF42F8001A4F08 /* Build configuration list for PBXNativeTarget "MassEffect - Art" */ = {
			isa = XCConfigurationList;
			buildConfigurations = (
				B12870801EDF42F8001A4F08 /* Debug */,
				B12870811EDF42F8001A4F08 /* Release */,
			);
			defaultConfigurationIsVisible = 0;
		};
/* End XCConfigurationList section */

/* Begin XCVersionGroup section */
		B12870741EDF42F8001A4F08 /* MassEffect___Art.xcdatamodeld */ = {
			isa = XCVersionGroup;
			children = (
				B12870751EDF42F8001A4F08 /* MassEffect___Art.xcdatamodel */,
			);
			currentVersion = B12870751EDF42F8001A4F08 /* MassEffect___Art.xcdatamodel */;
			path = "MassEffect___Art.xcdatamodeld";
			sourceTree = "<group>";
			versionGroupType = wrapper.xcdatamodel;
		};
/* End XCVersionGroup section */
	};
	rootObject = B12870621EDF42F8001A4F08 /* Project object */;
}
